
Microsoft Visual Studio Solution File, Format Version 12.00
# Visual Studio Version 17
VisualStudioVersion = 17.1.32421.90
MinimumVisualStudioVersion = 10.0.40219.1
Project("{9A19103F-16F7-4668-BE54-9A1E7A4F7556}") = "ChuckNorris", "ChuckNorris\ChuckNorris.csproj", "{C6028024-49DE-45C4-B9CE-822A456A8202}"
EndProject
Project("{FAE04EC0-301F-11D3-BF4B-00C04F79EFBC}") = "ConsoleApp1", "ConsoleApp1\ConsoleApp1.csproj", "{935BDB59-0829-42B1-B5FC-EE0FAA1BC6DA}"
EndProject
Global
	GlobalSection(SolutionConfigurationPlatforms) = preSolution
		Debug|Any CPU = Debug|Any CPU
		Release|Any CPU = Release|Any CPU
	EndGlobalSection
	GlobalSection(ProjectConfigurationPlatforms) = postSolution
		{C6028024-49DE-45C4-B9CE-822A456A8202}.Debug|Any CPU.ActiveCfg = Debug|Any CPU
		{C6028024-49DE-45C4-B9CE-822A456A8202}.Debug|Any CPU.Build.0 = Debug|Any CPU
		{C6028024-49DE-45C4-B9CE-822A456A8202}.Release|Any CPU.ActiveCfg = Release|Any CPU
		{C6028024-49DE-45C4-B9CE-822A456A8202}.Release|Any CPU.Build.0 = Release|Any CPU
		{935BDB59-0829-42B1-B5FC-EE0FAA1BC6DA}.Debug|Any CPU.ActiveCfg = Debug|Any CPU
		{935BDB59-0829-42B1-B5FC-EE0FAA1BC6DA}.Debug|Any CPU.Build.0 = Debug|Any CPU
		{935BDB59-0829-42B1-B5FC-EE0FAA1BC6DA}.Release|Any CPU.ActiveCfg = Release|Any CPU
		{935BDB59-0829-42B1-B5FC-EE0FAA1BC6DA}.Release|Any CPU.Build.0 = Release|Any CPU
	EndGlobalSection
	GlobalSection(SolutionProperties) = preSolution
		HideSolutionNode = FALSE
	EndGlobalSection
	GlobalSection(ExtensibilityGlobals) = postSolution
		SolutionGuid = {546478B7-59F1-476A-9F00-2281D999A9E4}
	EndGlobalSection
EndGlobal
